version = 1
revision = 2
requires-python = ">=3.14"

[[package]]
name = "emoji"
version = "2.15.0"
source = { registry = "https://pypi.org/simple" }
sdist = { url = "https://files.pythonhosted.org/packages/a2/78/0d2db9382c92a163d7095fc08efff7800880f830a152cfced40161e7638d/emoji-2.15.0.tar.gz", hash = "sha256:eae4ab7d86456a70a00a985125a03263a5eac54cd55e51d7e184b1ed3b6757e4", size = 615483, upload-time = "2025-09-21T12:13:02.755Z" }
wheels = [
    { url = "https://files.pythonhosted.org/packages/e1/5e/4b5aaaabddfacfe36ba7768817bd1f71a7a810a43705e531f3ae4c690767/emoji-2.15.0-py3-none-any.whl", hash = "sha256:205296793d66a89d88af4688fa57fd6496732eb48917a87175a023c8138995eb", size = 608433, upload-time = "2025-09-21T12:13:01.197Z" },
]

[[package]]
name = "emojis"
version = "0.7.0"
source = { registry = "https://pypi.org/simple" }
sdist = { url = "https://files.pythonhosted.org/packages/39/f0/9ad8cd2d3c0e89dc60f7d6b61f15ff1445935b58ddf6771bcc421b41a174/emojis-0.7.0.tar.gz", hash = "sha256:5f437674da878170239af9a8196e50240b5922d6797124928574008442196b52", size = 28362, upload-time = "2022-12-01T12:00:09.304Z" }
wheels = [
    { url = "https://files.pythonhosted.org/packages/92/fc/25e5793c0f6f09626b94444a3b9faf386c587873fa8f696ad20d37e47387/emojis-0.7.0-py3-none-any.whl", hash = "sha256:a777926d8ab0bfdd51250e899a3b3524a1e969275ac8e747b4a05578fa597367", size = 28347, upload-time = "2022-12-01T12:00:07.163Z" },
]

[[package]]
name = "pyside6"
version = "6.10.1"
source = { registry = "https://pypi.org/simple" }
dependencies = [
    { name = "pyside6-addons" },
    { name = "pyside6-essentials" },
    { name = "shiboken6" },
]
wheels = [
    { url = "https://files.pythonhosted.org/packages/56/22/f82cfcd1158be502c5741fe67c3fa853f3c1edbd3ac2c2250769dd9722d1/pyside6-6.10.1-cp39-abi3-macosx_13_0_universal2.whl", hash = "sha256:d0e70dd0e126d01986f357c2a555722f9462cf8a942bf2ce180baf69f468e516", size = 558169, upload-time = "2025-11-20T10:09:08.79Z" },
    { url = "https://files.pythonhosted.org/packages/66/eb/54afe242a25d1c33b04ecd8321a549d9efb7b89eef7690eed92e98ba1dc9/pyside6-6.10.1-cp39-abi3-manylinux_2_34_x86_64.whl", hash = "sha256:4053bf51ba2c2cb20e1005edd469997976a02cec009f7c46356a0b65c137f1fa", size = 557818, upload-time = "2025-11-20T10:09:10.132Z" },
    { url = "https://files.pythonhosted.org/packages/4d/af/5706b1b33587dc2f3dfa3a5000424befba35e4f2d5889284eebbde37138b/pyside6-6.10.1-cp39-abi3-manylinux_2_39_aarch64.whl", hash = "sha256:7d3ca20a40139ca5324a7864f1d91cdf2ff237e11bd16354a42670f2a4eeb13c", size = 558358, upload-time = "2025-11-20T10:09:11.288Z" },
    { url = "https://files.pythonhosted.org/packages/26/41/3f48d724ecc8e42cea8a8442aa9b5a86d394b85093275990038fd1020039/pyside6-6.10.1-cp39-abi3-win_amd64.whl", hash = "sha256:9f89ff994f774420eaa38cec6422fddd5356611d8481774820befd6f3bb84c9e", size = 564424, upload-time = "2025-11-20T10:09:12.677Z" },
    { url = "https://files.pythonhosted.org/packages/af/30/395411473b433875a82f6b5fdd0cb28f19a0e345bcaac9fbc039400d7072/pyside6-6.10.1-cp39-abi3-win_arm64.whl", hash = "sha256:9c5c1d94387d1a32a6fae25348097918ef413b87dfa3767c46f737c6d48ae437", size = 548866, upload-time = "2025-11-20T10:09:14.174Z" },
]

[[package]]
name = "pyside6-addons"
version = "6.10.1"
source = { registry = "https://pypi.org/simple" }
dependencies = [
    { name = "pyside6-essentials" },
    { name = "shiboken6" },
]
wheels = [
    { url = "https://files.pythonhosted.org/packages/2d/f9/b72a2578d7dbef7741bb90b5756b4ef9c99a5b40148ea53ce7f048573fe9/pyside6_addons-6.10.1-cp39-abi3-macosx_13_0_universal2.whl", hash = "sha256:4d2b82bbf9b861134845803837011e5f9ac7d33661b216805273cf0c6d0f8e82", size = 322639446, upload-time = "2025-11-20T09:54:50.75Z" },
    { url = "https://files.pythonhosted.org/packages/94/3b/3ed951c570a15570706a89d39bfd4eaaffdf16d5c2dca17e82fc3ec8aaa6/pyside6_addons-6.10.1-cp39-abi3-manylinux_2_34_x86_64.whl", hash = "sha256:330c229b58d30083a7b99ed22e118eb4f4126408429816a4044ccd0438ae81b4", size = 170678293, upload-time = "2025-11-20T09:56:40.991Z" },
    { url = "https://files.pythonhosted.org/packages/22/77/4c780b204d0bf3323a75c184e349d063e208db44c993f1214aa4745d6f47/pyside6_addons-6.10.1-cp39-abi3-manylinux_2_39_aarch64.whl", hash = "sha256:56864b5fecd6924187a2d0f7e98d968ed72b6cc267caa5b294cd7e88fff4e54c", size = 166365011, upload-time = "2025-11-20T09:57:20.261Z" },
    { url = "https://files.pythonhosted.org/packages/04/14/58239776499e6b279fa6ca2e0d47209531454b99f6bd2ad7c96f11109416/pyside6_addons-6.10.1-cp39-abi3-win_amd64.whl", hash = "sha256:b6e249d15407dd33d6a2ffabd9dc6d7a8ab8c95d05f16a71dad4d07781c76341", size = 164864664, upload-time = "2025-11-20T09:57:54.815Z" },
    { url = "https://files.pythonhosted.org/packages/e2/cd/1b74108671ba4b1ebb2661330665c4898b089e9c87f7ba69fe2438f3d1b6/pyside6_addons-6.10.1-cp39-abi3-win_arm64.whl", hash = "sha256:0de303c0447326cdc6c8be5ab066ef581e2d0baf22560c9362d41b8304fdf2db", size = 34191225, upload-time = "2025-11-20T09:58:04.184Z" },
]

[[package]]
name = "pyside6-essentials"
version = "6.10.1"
source = { registry = "https://pypi.org/simple" }
dependencies = [
    { name = "shiboken6" },
]
wheels = [
    { url = "https://files.pythonhosted.org/packages/04/b0/c43209fecef79912e9b1c70a1b5172b1edf76caebcc885c58c60a09613b0/pyside6_essentials-6.10.1-cp39-abi3-macosx_13_0_universal2.whl", hash = "sha256:cd224aff3bb26ff1fca32c050e1c4d0bd9f951a96219d40d5f3d0128485b0bbe", size = 105461499, upload-time = "2025-11-20T09:59:23.733Z" },
    { url = "https://files.pythonhosted.org/packages/5f/8e/b69ba7fa0c701f3f4136b50460441697ec49ee6ea35c229eb2a5ee4b5952/pyside6_essentials-6.10.1-cp39-abi3-manylinux_2_34_x86_64.whl", hash = "sha256:e9ccbfb58c03911a0bce1f2198605b02d4b5ca6276bfc0cbcf7c6f6393ffb856", size = 76764617, upload-time = "2025-11-20T09:59:38.831Z" },
    { url = "https://files.pythonhosted.org/packages/bd/83/569d27f4b6c6b9377150fe1a3745d64d02614021bea233636bc936a23423/pyside6_essentials-6.10.1-cp39-abi3-manylinux_2_39_aarch64.whl", hash = "sha256:ec8617c9b143b0c19ba1cc5a7e98c538e4143795480cb152aee47802c18dc5d2", size = 75850373, upload-time = "2025-11-20T09:59:56.082Z" },
    { url = "https://files.pythonhosted.org/packages/1e/64/a8df6333de8ccbf3a320e1346ca30d0f314840aff5e3db9b4b66bf38e26c/pyside6_essentials-6.10.1-cp39-abi3-win_amd64.whl", hash = "sha256:9555a48e8f0acf63fc6a23c250808db841b28a66ed6ad89ee0e4df7628752674", size = 74491180, upload-time = "2025-11-20T10:00:11.215Z" },
    { url = "https://files.pythonhosted.org/packages/67/da/65cc6c6a870d4ea908c59b2f0f9e2cf3bfc6c0710ebf278ed72f69865e4e/pyside6_essentials-6.10.1-cp39-abi3-win_arm64.whl", hash = "sha256:4d1d248644f1778f8ddae5da714ca0f5a150a5e6f602af2765a7d21b876da05c", size = 55190458, upload-time = "2025-11-20T10:00:26.226Z" },
]

[[package]]
name = "rapidfuzz"
version = "3.14.3"
source = { registry = "https://pypi.org/simple" }
sdist = { url = "https://files.pythonhosted.org/packages/d3/28/9d808fe62375b9aab5ba92fa9b29371297b067c2790b2d7cda648b1e2f8d/rapidfuzz-3.14.3.tar.gz", hash = "sha256:2491937177868bc4b1e469087601d53f925e8d270ccc21e07404b4b5814b7b5f", size = 57863900, upload-time = "2025-11-01T11:54:52.321Z" }
wheels = [
    { url = "https://files.pythonhosted.org/packages/32/6f/1b88aaeade83abc5418788f9e6b01efefcd1a69d65ded37d89cd1662be41/rapidfuzz-3.14.3-cp314-cp314-macosx_10_15_x86_64.whl", hash = "sha256:442125473b247227d3f2de807a11da6c08ccf536572d1be943f8e262bae7e4ea", size = 1942086, upload-time = "2025-11-01T11:54:02.592Z" },
    { url = "https://files.pythonhosted.org/packages/a0/2c/b23861347436cb10f46c2bd425489ec462790faaa360a54a7ede5f78de88/rapidfuzz-3.14.3-cp314-cp314-macosx_11_0_arm64.whl", hash = "sha256:1ec0c8c0c3d4f97ced46b2e191e883f8c82dbbf6d5ebc1842366d7eff13cd5a6", size = 1386993, upload-time = "2025-11-01T11:54:04.12Z" },
    { url = "https://files.pythonhosted.org/packages/83/86/5d72e2c060aa1fbdc1f7362d938f6b237dff91f5b9fc5dd7cc297e112250/rapidfuzz-3.14.3-cp314-cp314-manylinux_2_26_aarch64.manylinux_2_28_aarch64.whl", hash = "sha256:2dc37bc20272f388b8c3a4eba4febc6e77e50a8f450c472def4751e7678f55e4", size = 1379126, upload-time = "2025-11-01T11:54:05.777Z" },
    { url = "https://files.pythonhosted.org/packages/c9/bc/ef2cee3e4d8b3fc22705ff519f0d487eecc756abdc7c25d53686689d6cf2/rapidfuzz-3.14.3-cp314-cp314-manylinux_2_27_x86_64.manylinux_2_28_x86_64.whl", hash = "sha256:dee362e7e79bae940a5e2b3f6d09c6554db6a4e301cc68343886c08be99844f1", size = 3159304, upload-time = "2025-11-01T11:54:07.351Z" },
    { url = "https://files.pythonhosted.org/packages/a0/36/dc5f2f62bbc7bc90be1f75eeaf49ed9502094bb19290dfb4747317b17f12/rapidfuzz-3.14.3-cp314-cp314-manylinux_2_31_armv7l.whl", hash = "sha256:4b39921df948388a863f0e267edf2c36302983459b021ab928d4b801cbe6a421", size = 1218207, upload-time = "2025-11-01T11:54:09.641Z" },
    { url = "https://files.pythonhosted.org/packages/df/7e/8f4be75c1bc62f47edf2bbbe2370ee482fae655ebcc4718ac3827ead3904/rapidfuzz-3.14.3-cp314-cp314-musllinux_1_2_aarch64.whl", hash = "sha256:beda6aa9bc44d1d81242e7b291b446be352d3451f8217fcb068fc2933927d53b", size = 2401245, upload-time = "2025-11-01T11:54:11.543Z" },
    { url = "https://files.pythonhosted.org/packages/05/38/f7c92759e1bb188dd05b80d11c630ba59b8d7856657baf454ff56059c2ab/rapidfuzz-3.14.3-cp314-cp314-musllinux_1_2_armv7l.whl", hash = "sha256:6a014ba09657abfcfeed64b7d09407acb29af436d7fc075b23a298a7e4a6b41c", size = 2518308, upload-time = "2025-11-01T11:54:13.134Z" },
    { url = "https://files.pythonhosted.org/packages/c7/ac/85820f70fed5ecb5f1d9a55f1e1e2090ef62985ef41db289b5ac5ec56e28/rapidfuzz-3.14.3-cp314-cp314-musllinux_1_2_x86_64.whl", hash = "sha256:32eeafa3abce138bb725550c0e228fc7eaeec7059aa8093d9cbbec2b58c2371a", size = 4265011, upload-time = "2025-11-01T11:54:15.087Z" },
    { url = "https://files.pythonhosted.org/packages/46/a9/616930721ea9835c918af7cde22bff17f9db3639b0c1a7f96684be7f5630/rapidfuzz-3.14.3-cp314-cp314-win32.whl", hash = "sha256:adb44d996fc610c7da8c5048775b21db60dd63b1548f078e95858c05c86876a3", size = 1742245, upload-time = "2025-11-01T11:54:17.19Z" },
    { url = "https://files.pythonhosted.org/packages/06/8a/f2fa5e9635b1ccafda4accf0e38246003f69982d7c81f2faa150014525a4/rapidfuzz-3.14.3-cp314-cp314-win_amd64.whl", hash = "sha256:f3d15d8527e2b293e38ce6e437631af0708df29eafd7c9fc48210854c94472f9", size = 1584856, upload-time = "2025-11-01T11:54:18.764Z" },
    { url = "https://files.pythonhosted.org/packages/ef/97/09e20663917678a6d60d8e0e29796db175b1165e2079830430342d5298be/rapidfuzz-3.14.3-cp314-cp314-win_arm64.whl", hash = "sha256:576e4b9012a67e0bf54fccb69a7b6c94d4e86a9540a62f1a5144977359133583", size = 833490, upload-time = "2025-11-01T11:54:20.753Z" },
    { url = "https://files.pythonhosted.org/packages/03/1b/6b6084576ba87bf21877c77218a0c97ba98cb285b0c02eaaee3acd7c4513/rapidfuzz-3.14.3-cp314-cp314t-macosx_10_15_x86_64.whl", hash = "sha256:cec3c0da88562727dd5a5a364bd9efeb535400ff0bfb1443156dd139a1dd7b50", size = 1968658, upload-time = "2025-11-01T11:54:22.25Z" },
    { url = "https://files.pythonhosted.org/packages/38/c0/fb02a0db80d95704b0a6469cc394e8c38501abf7e1c0b2afe3261d1510c2/rapidfuzz-3.14.3-cp314-cp314t-macosx_11_0_arm64.whl", hash = "sha256:d1fa009f8b1100e4880868137e7bf0501422898f7674f2adcd85d5a67f041296", size = 1410742, upload-time = "2025-11-01T11:54:23.863Z" },
    { url = "https://files.pythonhosted.org/packages/a4/72/3fbf12819fc6afc8ec75a45204013b40979d068971e535a7f3512b05e765/rapidfuzz-3.14.3-cp314-cp314t-manylinux_2_26_aarch64.manylinux_2_28_aarch64.whl", hash = "sha256:1b86daa7419b5e8b180690efd1fdbac43ff19230803282521c5b5a9c83977655", size = 1382810, upload-time = "2025-11-01T11:54:25.571Z" },
    { url = "https://files.pythonhosted.org/packages/0f/18/0f1991d59bb7eee28922a00f79d83eafa8c7bfb4e8edebf4af2a160e7196/rapidfuzz-3.14.3-cp314-cp314t-manylinux_2_27_x86_64.manylinux_2_28_x86_64.whl", hash = "sha256:c7bd1816db05d6c5ffb3a4df0a2b7b56fb8c81ef584d08e37058afa217da91b1", size = 3166349, upload-time = "2025-11-01T11:54:27.195Z" },
    { url = "https://files.pythonhosted.org/packages/0d/f0/baa958b1989c8f88c78bbb329e969440cf330b5a01a982669986495bb980/rapidfuzz-3.14.3-cp314-cp314t-manylinux_2_31_armv7l.whl", hash = "sha256:33da4bbaf44e9755b0ce192597f3bde7372fe2e381ab305f41b707a95ac57aa7", size = 1214994, upload-time = "2025-11-01T11:54:28.821Z" },
    { url = "https://files.pythonhosted.org/packages/e4/a0/cd12ec71f9b2519a3954febc5740291cceabc64c87bc6433afcb36259f3b/rapidfuzz-3.14.3-cp314-cp314t-musllinux_1_2_aarch64.whl", hash = "sha256:3fecce764cf5a991ee2195a844196da840aba72029b2612f95ac68a8b74946bf", size = 2403919, upload-time = "2025-11-01T11:54:30.393Z" },
    { url = "https://files.pythonhosted.org/packages/0b/ce/019bd2176c1644098eced4f0595cb4b3ef52e4941ac9a5854f209d0a6e16/rapidfuzz-3.14.3-cp314-cp314t-musllinux_1_2_armv7l.whl", hash = "sha256:ecd7453e02cf072258c3a6b8e930230d789d5d46cc849503729f9ce475d0e785", size = 2508346, upload-time = "2025-11-01T11:54:32.048Z" },
    { url = "https://files.pythonhosted.org/packages/23/f8/be16c68e2c9e6c4f23e8f4adbb7bccc9483200087ed28ff76c5312da9b14/rapidfuzz-3.14.3-cp314-cp314t-musllinux_1_2_x86_64.whl", hash = "sha256:ea188aa00e9bcae8c8411f006a5f2f06c4607a02f24eab0d8dc58566aa911f35", size = 4274105, upload-time = "2025-11-01T11:54:33.701Z" },
    { url = "https://files.pythonhosted.org/packages/a1/d1/5ab148e03f7e6ec8cd220ccf7af74d3aaa4de26dd96df58936beb7cba820/rapidfuzz-3.14.3-cp314-cp314t-win32.whl", hash = "sha256:7ccbf68100c170e9a0581accbe9291850936711548c6688ce3bfb897b8c589ad", size = 1793465, upload-time = "2025-11-01T11:54:35.331Z" },
    { url = "https://files.pythonhosted.org/packages/cd/97/433b2d98e97abd9fff1c470a109b311669f44cdec8d0d5aa250aceaed1fb/rapidfuzz-3.14.3-cp314-cp314t-win_amd64.whl", hash = "sha256:9ec02e62ae765a318d6de38df609c57fc6dacc65c0ed1fd489036834fd8a620c", size = 1623491, upload-time = "2025-11-01T11:54:38.085Z" },
    { url = "https://files.pythonhosted.org/packages/e2/f6/e2176eb94f94892441bce3ddc514c179facb65db245e7ce3356965595b19/rapidfuzz-3.14.3-cp314-cp314t-win_arm64.whl", hash = "sha256:e805e52322ae29aa945baf7168b6c898120fbc16d2b8f940b658a5e9e3999253", size = 851487, upload-time = "2025-11-01T11:54:40.176Z" },
]

[[package]]
name = "ruff"
version = "0.14.10"
source = { registry = "https://pypi.org/simple" }
sdist = { url = "https://files.pythonhosted.org/packages/57/08/52232a877978dd8f9cf2aeddce3e611b40a63287dfca29b6b8da791f5e8d/ruff-0.14.10.tar.gz", hash = "sha256:9a2e830f075d1a42cd28420d7809ace390832a490ed0966fe373ba288e77aaf4", size = 5859763, upload-time = "2025-12-18T19:28:57.98Z" }
wheels = [
    { url = "https://files.pythonhosted.org/packages/60/01/933704d69f3f05ee16ef11406b78881733c186fe14b6a46b05cfcaf6d3b2/ruff-0.14.10-py3-none-linux_armv6l.whl", hash = "sha256:7a3ce585f2ade3e1f29ec1b92df13e3da262178df8c8bdf876f48fa0e8316c49", size = 13527080, upload-time = "2025-12-18T19:29:25.642Z" },
    { url = "https://files.pythonhosted.org/packages/df/58/a0349197a7dfa603ffb7f5b0470391efa79ddc327c1e29c4851e85b09cc5/ruff-0.14.10-py3-none-macosx_10_12_x86_64.whl", hash = "sha256:674f9be9372907f7257c51f1d4fc902cb7cf014b9980152b802794317941f08f", size = 13797320, upload-time = "2025-12-18T19:29:02.571Z" },
    { url = "https://files.pythonhosted.org/packages/7b/82/36be59f00a6082e38c23536df4e71cdbc6af8d7c707eade97fcad5c98235/ruff-0.14.10-py3-none-macosx_11_0_arm64.whl", hash = "sha256:d85713d522348837ef9df8efca33ccb8bd6fcfc86a2cde3ccb4bc9d28a18003d", size = 12918434, upload-time = "2025-12-18T19:28:51.202Z" },
    { url = "https://files.pythonhosted.org/packages/a6/00/45c62a7f7e34da92a25804f813ebe05c88aa9e0c25e5cb5a7d23dd7450e3/ruff-0.14.10-py3-none-manylinux_2_17_aarch64.manylinux2014_aarch64.whl", hash = "sha256:6987ebe0501ae4f4308d7d24e2d0fe3d7a98430f5adfd0f1fead050a740a3a77", size = 13371961, upload-time = "2025-12-18T19:29:04.991Z" },
    { url = "https://files.pythonhosted.org/packages/40/31/a5906d60f0405f7e57045a70f2d57084a93ca7425f22e1d66904769d1628/ruff-0.14.10-py3-none-manylinux_2_17_armv7l.manylinux2014_armv7l.whl", hash = "sha256:16a01dfb7b9e4eee556fbfd5392806b1b8550c9b4a9f6acd3dbe6812b193c70a", size = 13275629, upload-time = "2025-12-18T19:29:21.381Z" },
    { url = "https://files.pythonhosted.org/packages/3e/60/61c0087df21894cf9d928dc04bcd4fb10e8b2e8dca7b1a276ba2155b2002/ruff-0.14.10-py3-none-manylinux_2_17_i686.manylinux2014_i686.whl", hash = "sha256:7165d31a925b7a294465fa81be8c12a0e9b60fb02bf177e79067c867e71f8b1f", size = 14029234, upload-time = "2025-12-18T19:29:00.132Z" },
    { url = "https://files.pythonhosted.org/packages/44/84/77d911bee3b92348b6e5dab5a0c898d87084ea03ac5dc708f46d88407def/ruff-0.14.10-py3-none-manylinux_2_17_ppc64.manylinux2014_ppc64.whl", hash = "sha256:c561695675b972effb0c0a45db233f2c816ff3da8dcfbe7dfc7eed625f218935", size = 15449890, upload-time = "2025-12-18T19:28:53.573Z" },
    { url = "https://files.pythonhosted.org/packages/e9/36/480206eaefa24a7ec321582dda580443a8f0671fdbf6b1c80e9c3e93a16a/ruff-0.14.10-py3-none-manylinux_2_17_ppc64le.manylinux2014_ppc64le.whl", hash = "sha256:4bb98fcbbc61725968893682fd4df8966a34611239c9fd07a1f6a07e7103d08e", size = 15123172, upload-time = "2025-12-18T19:29:23.453Z" },
    { url = "https://files.pythonhosted.org/packages/5c/38/68e414156015ba80cef5473d57919d27dfb62ec804b96180bafdeaf0e090/ruff-0.14.10-py3-none-manylinux_2_17_s390x.manylinux2014_s390x.whl", hash = "sha256:f24b47993a9d8cb858429e97bdf8544c78029f09b520af615c1d261bf827001d", size = 14460260, upload-time = "2025-12-18T19:29:27.808Z" },
    { url = "https://files.pythonhosted.org/packages/b3/19/9e050c0dca8aba824d67cc0db69fb459c28d8cd3f6855b1405b3f29cc91d/ruff-0.14.10-py3-none-manylinux_2_17_x86_64.manylinux2014_x86_64.whl", hash = "sha256:59aabd2e2c4fd614d2862e7939c34a532c04f1084476d6833dddef4afab87e9f", size = 14229978, upload-time = "2025-12-18T19:29:11.32Z" },
    { url = "https://files.pythonhosted.org/packages/51/eb/e8dd1dd6e05b9e695aa9dd420f4577debdd0f87a5ff2fedda33c09e9be8c/ruff-0.14.10-py3-none-manylinux_2_31_riscv64.whl", hash = "sha256:213db2b2e44be8625002dbea33bb9c60c66ea2c07c084a00d55732689d697a7f", size = 14338036, upload-time = "2025-12-18T19:29:09.184Z" },
    { url = "https://files.pythonhosted.org/packages/6a/12/f3e3a505db7c19303b70af370d137795fcfec136d670d5de5391e295c134/ruff-0.14.10-py3-none-musllinux_1_2_aarch64.whl", hash = "sha256:b914c40ab64865a17a9a5b67911d14df72346a634527240039eb3bd650e5979d", size = 13264051, upload-time = "2025-12-18T19:29:13.431Z" },
    { url = "https://files.pythonhosted.org/packages/08/64/8c3a47eaccfef8ac20e0484e68e0772013eb85802f8a9f7603ca751eb166/ruff-0.14.10-py3-none-musllinux_1_2_armv7l.whl", hash = "sha256:1484983559f026788e3a5c07c81ef7d1e97c1c78ed03041a18f75df104c45405", size = 13283998, upload-time = "2025-12-18T19:29:06.994Z" },
    { url = "https://files.pythonhosted.org/packages/12/84/534a5506f4074e5cc0529e5cd96cfc01bb480e460c7edf5af70d2bcae55e/ruff-0.14.10-py3-none-musllinux_1_2_i686.whl", hash = "sha256:c70427132db492d25f982fffc8d6c7535cc2fd2c83fc8888f05caaa248521e60", size = 13601891, upload-time = "2025-12-18T19:28:55.811Z" },
    { url = "https://files.pythonhosted.org/packages/0d/1e/14c916087d8598917dbad9b2921d340f7884824ad6e9c55de948a93b106d/ruff-0.14.10-py3-none-musllinux_1_2_x86_64.whl", hash = "sha256:5bcf45b681e9f1ee6445d317ce1fa9d6cba9a6049542d1c3d5b5958986be8830", size = 14336660, upload-time = "2025-12-18T19:29:16.531Z" },
    { url = "https://files.pythonhosted.org/packages/f2/1c/d7b67ab43f30013b47c12b42d1acd354c195351a3f7a1d67f59e54227ede/ruff-0.14.10-py3-none-win32.whl", hash = "sha256:104c49fc7ab73f3f3a758039adea978869a918f31b73280db175b43a2d9b51d6", size = 13196187, upload-time = "2025-12-18T19:29:19.006Z" },
    { url = "https://files.pythonhosted.org/packages/fb/9c/896c862e13886fae2af961bef3e6312db9ebc6adc2b156fe95e615dee8c1/ruff-0.14.10-py3-none-win_amd64.whl", hash = "sha256:466297bd73638c6bdf06485683e812db1c00c7ac96d4ddd0294a338c62fdc154", size = 14661283, upload-time = "2025-12-18T19:29:30.16Z" },
    { url = "https://files.pythonhosted.org/packages/74/31/b0e29d572670dca3674eeee78e418f20bdf97fa8aa9ea71380885e175ca0/ruff-0.14.10-py3-none-win_arm64.whl", hash = "sha256:e51d046cf6dda98a4633b8a8a771451107413b0f07183b2bef03f075599e44e6", size = 13729839, upload-time = "2025-12-18T19:28:48.636Z" },
]

[[package]]
name = "shiboken6"
version = "6.10.1"
source = { registry = "https://pypi.org/simple" }
wheels = [
    { url = "https://files.pythonhosted.org/packages/6f/8b/e5db743d505ceea3efc4cd9634a3bee22a3e2bf6e07cefd28c9b9edabcc6/shiboken6-6.10.1-cp39-abi3-macosx_13_0_universal2.whl", hash = "sha256:9f2990f5b61b0b68ecadcd896ab4441f2cb097eef7797ecc40584107d9850d71", size = 478483, upload-time = "2025-11-20T10:08:52.411Z" },
    { url = "https://files.pythonhosted.org/packages/56/ba/b50c1a44b3c4643f482afbf1a0ea58f393827307100389ce29404f9ad3b0/shiboken6-6.10.1-cp39-abi3-manylinux_2_34_x86_64.whl", hash = "sha256:f4221a52dfb81f24a0d20cc4f8981cb6edd810d5a9fb28287ce10d342573a0e4", size = 271993, upload-time = "2025-11-20T10:08:54.093Z" },
    { url = "https://files.pythonhosted.org/packages/16/b8/939c24ebd662b0aa5c945443d0973145b3fb7079f0196274ef7bb4b98f73/shiboken6-6.10.1-cp39-abi3-manylinux_2_39_aarch64.whl", hash = "sha256:c095b00f4d6bf578c0b2464bb4e264b351a99345374478570f69e2e679a2a1d0", size = 268691, upload-time = "2025-11-20T10:08:55.639Z" },
    { url = "https://files.pythonhosted.org/packages/cf/a6/8c65ee0fa5e172ebcca03246b1bc3bd96cdaf1d60537316648536b7072a5/shiboken6-6.10.1-cp39-abi3-win_amd64.whl", hash = "sha256:c1601d3cda1fa32779b141663873741b54e797cb0328458d7466281f117b0a4e", size = 1234704, upload-time = "2025-11-20T10:08:57.417Z" },
    { url = "https://files.pythonhosted.org/packages/7b/6a/c0fea2f2ac7d9d96618c98156500683a4d1f93fea0e8c5a2bc39913d7ef1/shiboken6-6.10.1-cp39-abi3-win_arm64.whl", hash = "sha256:5cf800917008587b551005a45add2d485cca66f5f7ecd5b320e9954e40448cc9", size = 1795567, upload-time = "2025-11-20T10:08:59.184Z" },
]

[[package]]
name = "ty"
version = "0.0.5"
source = { registry = "https://pypi.org/simple" }
sdist = { url = "https://files.pythonhosted.org/packages/9e/db/6299d478000f4f1c6f9bf2af749359381610ffc4cbe6713b66e436ecf6e7/ty-0.0.5.tar.gz", hash = "sha256:983da6330773ff71e2b249810a19c689f9a0372f6e21bbf7cde37839d05b4346", size = 4806218, upload-time = "2025-12-20T21:19:17.24Z" }
wheels = [
    { url = "https://files.pythonhosted.org/packages/7c/98/c1f61ba378b4191e641bb36c07b7fcc70ff844d61be7a4bf2fea7472b4a9/ty-0.0.5-py3-none-linux_armv6l.whl", hash = "sha256:1594cd9bb68015eb2f5a3c68a040860f3c9306dc6667d7a0e5f4df9967b460e2", size = 9785554, upload-time = "2025-12-20T21:19:05.024Z" },
    { url = "https://files.pythonhosted.org/packages/ab/f9/b37b77c03396bd779c1397dae4279b7ad79315e005b3412feed8812a4256/ty-0.0.5-py3-none-macosx_10_12_x86_64.whl", hash = "sha256:7c0140ba980233d28699d9ddfe8f43d0b3535d6a3bbff9935df625a78332a3cf", size = 9603995, upload-time = "2025-12-20T21:19:15.256Z" },
    { url = "https://files.pythonhosted.org/packages/7d/70/4e75c11903b0e986c0203040472627cb61d6a709e1797fb08cdf9d565743/ty-0.0.5-py3-none-macosx_11_0_arm64.whl", hash = "sha256:15de414712cde92048ae4b1a77c4dc22920bd23653fe42acaf73028bad88f6b9", size = 9145815, upload-time = "2025-12-20T21:19:36.481Z" },
    { url = "https://files.pythonhosted.org/packages/89/05/93983dfcf871a41dfe58e5511d28e6aa332a1f826cc67333f77ae41a2f8a/ty-0.0.5-py3-none-manylinux_2_17_aarch64.manylinux2014_aarch64.whl", hash = "sha256:438aa51ad6c5fae64191f8d58876266e26f9250cf09f6624b6af47a22fa88618", size = 9619849, upload-time = "2025-12-20T21:19:19.084Z" },
    { url = "https://files.pythonhosted.org/packages/82/b6/896ab3aad59f846823f202e94be6016fb3f72434d999d2ae9bd0f28b3af9/ty-0.0.5-py3-none-manylinux_2_17_armv7l.manylinux2014_armv7l.whl", hash = "sha256:1b3d373fd96af1564380caf153600481c676f5002ee76ba8a7c3508cdff82ee0", size = 9606611, upload-time = "2025-12-20T21:19:24.583Z" },
    { url = "https://files.pythonhosted.org/packages/ca/ae/098e33fc92330285ed843e2750127e896140c4ebd2d73df7732ea496f588/ty-0.0.5-py3-none-manylinux_2_17_i686.manylinux2014_i686.whl", hash = "sha256:8453692503212ad316cf8b99efbe85a91e5f63769c43be5345e435a1b16cba5a", size = 10029523, upload-time = "2025-12-20T21:19:07.055Z" },
    { url = "https://files.pythonhosted.org/packages/04/5a/f4b4c33758b9295e9aca0de9645deca0f4addd21d38847228723a6e780fc/ty-0.0.5-py3-none-manylinux_2_17_ppc64.manylinux2014_ppc64.whl", hash = "sha256:2e4c454139473abbd529767b0df7a795ed828f780aef8d0d4b144558c0dc4446", size = 10870892, upload-time = "2025-12-20T21:19:34.495Z" },
    { url = "https://files.pythonhosted.org/packages/c3/c5/4e3e7e88389365aa1e631c99378711cf0c9d35a67478cb4720584314cf44/ty-0.0.5-py3-none-manylinux_2_17_ppc64le.manylinux2014_ppc64le.whl", hash = "sha256:426d4f3b82475b1ec75f3cc9ee5a667c8a4ae8441a09fcd8e823a53b706d00c7", size = 10599291, upload-time = "2025-12-20T21:19:26.557Z" },
    { url = "https://files.pythonhosted.org/packages/c1/5d/138f859ea87bd95e17b9818e386ae25a910e46521c41d516bf230ed83ffc/ty-0.0.5-py3-none-manylinux_2_17_s390x.manylinux2014_s390x.whl", hash = "sha256:5710817b67c6b2e4c0224e4f319b7decdff550886e9020f6d46aa1ce8f89a609", size = 10413515, upload-time = "2025-12-20T21:19:11.094Z" },
    { url = "https://files.pythonhosted.org/packages/27/21/1cbcd0d3b1182172f099e88218137943e0970603492fb10c7c9342369d9a/ty-0.0.5-py3-none-manylinux_2_17_x86_64.manylinux2014_x86_64.whl", hash = "sha256:e23c55ef08882c7c5ced1ccb90b4eeefa97f690aea254f58ac0987896c590f76", size = 10144992, upload-time = "2025-12-20T21:19:13.225Z" },
    { url = "https://files.pythonhosted.org/packages/ad/30/fdac06a5470c09ad2659a0806497b71f338b395d59e92611f71b623d05a0/ty-0.0.5-py3-none-musllinux_1_2_aarch64.whl", hash = "sha256:b9e4c1a28a23b14cf8f4f793f4da396939f16c30bfa7323477c8cc234e352ac4", size = 9606408, upload-time = "2025-12-20T21:19:09.212Z" },
    { url = "https://files.pythonhosted.org/packages/09/93/e99dcd7f53295192d03efd9cbcec089a916f49cad4935c0160ea9adbd53d/ty-0.0.5-py3-none-musllinux_1_2_armv7l.whl", hash = "sha256:4e9ebb61529b9745af662e37c37a01ad743cdd2c95f0d1421705672874d806cd", size = 9630040, upload-time = "2025-12-20T21:19:38.165Z" },
    { url = "https://files.pythonhosted.org/packages/d7/f8/6d1e87186e4c35eb64f28000c1df8fd5f73167ce126c5e3dd21fd1204a23/ty-0.0.5-py3-none-musllinux_1_2_i686.whl", hash = "sha256:5eb191a8e332f50f56dfe45391bdd7d43dd4ef6e60884710fd7ce84c5d8c1eb5", size = 9754016, upload-time = "2025-12-20T21:19:32.79Z" },
    { url = "https://files.pythonhosted.org/packages/28/e6/20f989342cb3115852dda404f1d89a10a3ce93f14f42b23f095a3d1a00c9/ty-0.0.5-py3-none-musllinux_1_2_x86_64.whl", hash = "sha256:92ed7451a1e82ee134a2c24ca43b74dd31e946dff2b08e5c34473e6b051de542", size = 10252877, upload-time = "2025-12-20T21:19:20.787Z" },
    { url = "https://files.pythonhosted.org/packages/57/9d/fc66fa557443233dfad9ae197ff3deb70ae0efcfb71d11b30ef62f5cdcc3/ty-0.0.5-py3-none-win32.whl", hash = "sha256:71f6707e4c1c010c158029a688a498220f28bb22fdb6707e5c20e09f11a5e4f2", size = 9212640, upload-time = "2025-12-20T21:19:30.817Z" },
    { url = "https://files.pythonhosted.org/packages/68/b6/05c35f6dea29122e54af0e9f8dfedd0a100c721affc8cc801ebe2bc2ed13/ty-0.0.5-py3-none-win_amd64.whl", hash = "sha256:2b8b754a0d7191e94acdf0c322747fec34371a4d0669f5b4e89549aef28814ae", size = 10034701, upload-time = "2025-12-20T21:19:28.311Z" },
    { url = "https://files.pythonhosted.org/packages/df/ca/4201ed5cb2af73912663d0c6ded927c28c28b3c921c9348aa8d2cfef4853/ty-0.0.5-py3-none-win_arm64.whl", hash = "sha256:83bea5a5296caac20d52b790ded2b830a7ff91c4ed9f36730fe1f393ceed6654", size = 9566474, upload-time = "2025-12-20T21:19:22.518Z" },
]

[[package]]
name = "zapcast"
version = "0.1.0"
source = { editable = "." }
dependencies = [
    { name = "emoji" },
    { name = "emojis" },
    { name = "pyside6" },
    { name = "rapidfuzz" },
    { name = "ruff" },
    { name = "ty" },
]

[package.metadata]
requires-dist = [
    { name = "emoji", specifier = ">=2.15.0" },
    { name = "emojis", specifier = ">=0.7.0" },
    { name = "pyside6", specifier = ">=6.10.1" },
    { name = "rapidfuzz", specifier = ">=3.14.3" },
    { name = "ruff", specifier = ">=0.14.10" },
    { name = "ty", specifier = ">=0.0.5" },
]
